
Microsoft Visual Studio Solution File, Format Version 12.00
# Visual Studio 14
VisualStudioVersion = 14.0.24720.0
MinimumVisualStudioVersion = 10.0.40219.1
Project("{FAE04EC0-301F-11D3-BF4B-00C04F79EFBC}") = "T6", "T6\T6.csproj", "{199C7139-A226-497D-B3DC-29A79F8987AE}"
EndProject
Global
	GlobalSection(SolutionConfigurationPlatforms) = preSolution
		Debug|Any CPU = Debug|Any CPU
		Release|Any CPU = Release|Any CPU
	EndGlobalSection
	GlobalSection(ProjectConfigurationPlatforms) = postSolution
		{199C7139-A226-497D-B3DC-29A79F8987AE}.Debug|Any CPU.ActiveCfg = Debug|Any CPU
		{199C7139-A226-497D-B3DC-29A79F8987AE}.Debug|Any CPU.Build.0 = Debug|Any CPU
		{199C7139-A226-497D-B3DC-29A79F8987AE}.Release|Any CPU.ActiveCfg = Release|Any CPU
		{199C7139-A226-497D-B3DC-29A79F8987AE}.Release|Any CPU.Build.0 = Release|Any CPU
	EndGlobalSection
	GlobalSection(SolutionProperties) = preSolution
		HideSolutionNode = FALSE
	EndGlobalSection
EndGlobal
